
Microsoft Visual Studio Solution File, Format Version 12.00
# Visual Studio Version 17
VisualStudioVersion = 17.11.35327.3
MinimumVisualStudioVersion = 10.0.40219.1
Project("{9A19103F-16F7-4668-BE54-9A1E7A4F7556}") = "vendingmachines.commands.controllers", "vendingmachines.commands.controllers\vendingmachines.commands.controllers.csproj", "{30B3A845-97E0-4A42-A2A4-0C106C757531}"
EndProject
Project("{9A19103F-16F7-4668-BE54-9A1E7A4F7556}") = "vendingmachines.commands.domain", "vendingmachines.commands.domain\vendingmachines.commands.domain.csproj", "{05AE4E0C-97F8-4BC5-B5CC-DB93CD4B1215}"
EndProject
Project("{9A19103F-16F7-4668-BE54-9A1E7A4F7556}") = "vendingmachines.commands.contracts", "vendingmachines.commands.common\vendingmachines.commands.contracts.csproj", "{6F83DEA2-B88F-485E-BD40-9256E4414D0D}"
EndProject
Project("{9A19103F-16F7-4668-BE54-9A1E7A4F7556}") = "vendingmachines.commands.app", "vendingmachines.commands.app\vendingmachines.commands.app.csproj", "{5832FCB0-0298-4B61-8AC4-F7C747149EF6}"
EndProject
Project("{9A19103F-16F7-4668-BE54-9A1E7A4F7556}") = "vendingmachines.commands.persistence", "vendingmachines.commands.repository\vendingmachines.commands.persistence.csproj", "{DB6BB96C-27BC-41F9-A676-4A873460435A}"
EndProject
Project("{FAE04EC0-301F-11D3-BF4B-00C04F79EFBC}") = "vendingmachines.commands.eventsourcinghandler", "vendingmachines.commands.eventsourcinghandler\vendingmachines.commands.eventsourcinghandler.csproj", "{EBF3993D-3057-4B34-8A0B-7405C84E82AD}"
EndProject
Project("{FAE04EC0-301F-11D3-BF4B-00C04F79EFBC}") = "vendingmachines.commands.eventstore", "vendingmachines.commands.eventstore\vendingmachines.commands.eventstore.csproj", "{AA886685-90F3-4612-8FFB-51CCE470E6E7}"
EndProject
Global
	GlobalSection(SolutionConfigurationPlatforms) = preSolution
		Debug|Any CPU = Debug|Any CPU
		Release|Any CPU = Release|Any CPU
	EndGlobalSection
	GlobalSection(ProjectConfigurationPlatforms) = postSolution
		{30B3A845-97E0-4A42-A2A4-0C106C757531}.Debug|Any CPU.ActiveCfg = Debug|Any CPU
		{30B3A845-97E0-4A42-A2A4-0C106C757531}.Debug|Any CPU.Build.0 = Debug|Any CPU
		{30B3A845-97E0-4A42-A2A4-0C106C757531}.Release|Any CPU.ActiveCfg = Release|Any CPU
		{30B3A845-97E0-4A42-A2A4-0C106C757531}.Release|Any CPU.Build.0 = Release|Any CPU
		{05AE4E0C-97F8-4BC5-B5CC-DB93CD4B1215}.Debug|Any CPU.ActiveCfg = Debug|Any CPU
		{05AE4E0C-97F8-4BC5-B5CC-DB93CD4B1215}.Debug|Any CPU.Build.0 = Debug|Any CPU
		{05AE4E0C-97F8-4BC5-B5CC-DB93CD4B1215}.Release|Any CPU.ActiveCfg = Release|Any CPU
		{05AE4E0C-97F8-4BC5-B5CC-DB93CD4B1215}.Release|Any CPU.Build.0 = Release|Any CPU
		{6F83DEA2-B88F-485E-BD40-9256E4414D0D}.Debug|Any CPU.ActiveCfg = Debug|Any CPU
		{6F83DEA2-B88F-485E-BD40-9256E4414D0D}.Debug|Any CPU.Build.0 = Debug|Any CPU
		{6F83DEA2-B88F-485E-BD40-9256E4414D0D}.Release|Any CPU.ActiveCfg = Release|Any CPU
		{6F83DEA2-B88F-485E-BD40-9256E4414D0D}.Release|Any CPU.Build.0 = Release|Any CPU
		{5832FCB0-0298-4B61-8AC4-F7C747149EF6}.Debug|Any CPU.ActiveCfg = Debug|Any CPU
		{5832FCB0-0298-4B61-8AC4-F7C747149EF6}.Debug|Any CPU.Build.0 = Debug|Any CPU
		{5832FCB0-0298-4B61-8AC4-F7C747149EF6}.Release|Any CPU.ActiveCfg = Release|Any CPU
		{5832FCB0-0298-4B61-8AC4-F7C747149EF6}.Release|Any CPU.Build.0 = Release|Any CPU
		{DB6BB96C-27BC-41F9-A676-4A873460435A}.Debug|Any CPU.ActiveCfg = Debug|Any CPU
		{DB6BB96C-27BC-41F9-A676-4A873460435A}.Debug|Any CPU.Build.0 = Debug|Any CPU
		{DB6BB96C-27BC-41F9-A676-4A873460435A}.Release|Any CPU.ActiveCfg = Release|Any CPU
		{DB6BB96C-27BC-41F9-A676-4A873460435A}.Release|Any CPU.Build.0 = Release|Any CPU
		{EBF3993D-3057-4B34-8A0B-7405C84E82AD}.Debug|Any CPU.ActiveCfg = Debug|Any CPU
		{EBF3993D-3057-4B34-8A0B-7405C84E82AD}.Debug|Any CPU.Build.0 = Debug|Any CPU
		{EBF3993D-3057-4B34-8A0B-7405C84E82AD}.Release|Any CPU.ActiveCfg = Release|Any CPU
		{EBF3993D-3057-4B34-8A0B-7405C84E82AD}.Release|Any CPU.Build.0 = Release|Any CPU
		{AA886685-90F3-4612-8FFB-51CCE470E6E7}.Debug|Any CPU.ActiveCfg = Debug|Any CPU
		{AA886685-90F3-4612-8FFB-51CCE470E6E7}.Debug|Any CPU.Build.0 = Debug|Any CPU
		{AA886685-90F3-4612-8FFB-51CCE470E6E7}.Release|Any CPU.ActiveCfg = Release|Any CPU
		{AA886685-90F3-4612-8FFB-51CCE470E6E7}.Release|Any CPU.Build.0 = Release|Any CPU
	EndGlobalSection
	GlobalSection(SolutionProperties) = preSolution
		HideSolutionNode = FALSE
	EndGlobalSection
	GlobalSection(ExtensibilityGlobals) = postSolution
		SolutionGuid = {06DD018E-0A78-4A78-974E-6770248D7678}
	EndGlobalSection
EndGlobal
